// !$*UTF8*$!
{
	archiveVersion = 1;
	classes = {
	};
	objectVersion = 56;
	objects = {

/* Begin PBXBuildFile section */
		4E04533B2C59DE20003E0026 /* AppDelegate.swift in Sources */ = {isa = PBXBuildFile; fileRef = 4E04533A2C59DE20003E0026 /* AppDelegate.swift */; };
		4E04533D2C59DE20003E0026 /* SceneDelegate.swift in Sources */ = {isa = PBXBuildFile; fileRef = 4E04533C2C59DE20003E0026 /* SceneDelegate.swift */; };
		4E0453442C59DE21003E0026 /* Assets.xcassets in Resources */ = {isa = PBXBuildFile; fileRef = 4E0453432C59DE21003E0026 /* Assets.xcassets */; };
		4E0453472C59DE21003E0026 /* Base in Resources */ = {isa = PBXBuildFile; fileRef = 4E0453462C59DE21003E0026 /* Base */; };
		4E04534F2C5AA891003E0026 /* HomeVC.swift in Sources */ = {isa = PBXBuildFile; fileRef = 4E04534E2C5AA891003E0026 /* HomeVC.swift */; };
		4E0453532C5AAD60003E0026 /* GEButton.swift in Sources */ = {isa = PBXBuildFile; fileRef = 4E0453522C5AAD60003E0026 /* GEButton.swift */; };
		4E0453592C5B95FC003E0026 /* FollowerListVC.swift in Sources */ = {isa = PBXBuildFile; fileRef = 4E0453582C5B95FC003E0026 /* FollowerListVC.swift */; };
		4E04535B2C5C3CF0003E0026 /* GETitleLabel.swift in Sources */ = {isa = PBXBuildFile; fileRef = 4E04535A2C5C3CF0003E0026 /* GETitleLabel.swift */; };
		4E04535D2C5C3E55003E0026 /* GEBodyLabel.swift in Sources */ = {isa = PBXBuildFile; fileRef = 4E04535C2C5C3E55003E0026 /* GEBodyLabel.swift */; };
		4E04535F2C5C3F0A003E0026 /* GEAlertVC.swift in Sources */ = {isa = PBXBuildFile; fileRef = 4E04535E2C5C3F0A003E0026 /* GEAlertVC.swift */; };
		4E0453612C5C4609003E0026 /* UIViewController+Ext.swift in Sources */ = {isa = PBXBuildFile; fileRef = 4E0453602C5C4609003E0026 /* UIViewController+Ext.swift */; };
		4E0453682C5C894C003E0026 /* Follower.swift in Sources */ = {isa = PBXBuildFile; fileRef = 4E0453672C5C894C003E0026 /* Follower.swift */; };
		4E04536A2C5C89E9003E0026 /* User.swift in Sources */ = {isa = PBXBuildFile; fileRef = 4E0453692C5C89E9003E0026 /* User.swift */; };
		4E04536D2C5D70B3003E0026 /* NetworkManager.swift in Sources */ = {isa = PBXBuildFile; fileRef = 4E04536C2C5D70B3003E0026 /* NetworkManager.swift */; };
		4E0453732C5D8B73003E0026 /* FollowerCell.swift in Sources */ = {isa = PBXBuildFile; fileRef = 4E0453722C5D8B73003E0026 /* FollowerCell.swift */; };
		4E0453A12C5D9454003E0026 /* GEAvatarImageView.swift in Sources */ = {isa = PBXBuildFile; fileRef = 4E0453A02C5D9454003E0026 /* GEAvatarImageView.swift */; };
		4E0453A32C5DE70D003E0026 /* UIHelper.swift in Sources */ = {isa = PBXBuildFile; fileRef = 4E0453A22C5DE70D003E0026 /* UIHelper.swift */; };
		4E0453AF2C5EFCE1003E0026 /* GEError.swift in Sources */ = {isa = PBXBuildFile; fileRef = 4E0453AE2C5EFCE1003E0026 /* GEError.swift */; };
		4E0453B12C5EFF9B003E0026 /* UserProfile.swift in Sources */ = {isa = PBXBuildFile; fileRef = 4E0453B02C5EFF9B003E0026 /* UserProfile.swift */; };
		4E0453BF2C5FAA73003E0026 /* GitHubExplorerTests.swift in Sources */ = {isa = PBXBuildFile; fileRef = 4E0453BE2C5FAA73003E0026 /* GitHubExplorerTests.swift */; };
		4E0454062C5FB6AF003E0026 /* NotesDataModel.xcdatamodeld in Sources */ = {isa = PBXBuildFile; fileRef = 4E0454042C5FB6AF003E0026 /* NotesDataModel.xcdatamodeld */; };
		4E0454082C5FB7EE003E0026 /* Note.swift in Sources */ = {isa = PBXBuildFile; fileRef = 4E0454072C5FB7EE003E0026 /* Note.swift */; };
		4E04540A2C5FB8EE003E0026 /* NotesProvider.swift in Sources */ = {isa = PBXBuildFile; fileRef = 4E0454092C5FB8EE003E0026 /* NotesProvider.swift */; };
/* End PBXBuildFile section */

/* Begin PBXContainerItemProxy section */
		4E0453C02C5FAA73003E0026 /* PBXContainerItemProxy */ = {
			isa = PBXContainerItemProxy;
			containerPortal = 4E04532F2C59DE20003E0026 /* Project object */;
			proxyType = 1;
			remoteGlobalIDString = 4E0453362C59DE20003E0026;
			remoteInfo = GitHubExplorer;
		};
/* End PBXContainerItemProxy section */

/* Begin PBXFileReference section */
		4E0453372C59DE20003E0026 /* GitHubExplorer.app */ = {isa = PBXFileReference; explicitFileType = wrapper.application; includeInIndex = 0; path = GitHubExplorer.app; sourceTree = BUILT_PRODUCTS_DIR; };
		4E04533A2C59DE20003E0026 /* AppDelegate.swift */ = {isa = PBXFileReference; lastKnownFileType = sourcecode.swift; path = AppDelegate.swift; sourceTree = "<group>"; };
		4E04533C2C59DE20003E0026 /* SceneDelegate.swift */ = {isa = PBXFileReference; lastKnownFileType = sourcecode.swift; path = SceneDelegate.swift; sourceTree = "<group>"; };
		4E0453432C59DE21003E0026 /* Assets.xcassets */ = {isa = PBXFileReference; lastKnownFileType = folder.assetcatalog; path = Assets.xcassets; sourceTree = "<group>"; };
		4E0453462C59DE21003E0026 /* Base */ = {isa = PBXFileReference; lastKnownFileType = file.storyboard; name = Base; path = Base.lproj/LaunchScreen.storyboard; sourceTree = "<group>"; };
		4E0453482C59DE21003E0026 /* Info.plist */ = {isa = PBXFileReference; lastKnownFileType = text.plist.xml; path = Info.plist; sourceTree = "<group>"; };
		4E04534E2C5AA891003E0026 /* HomeVC.swift */ = {isa = PBXFileReference; lastKnownFileType = sourcecode.swift; path = HomeVC.swift; sourceTree = "<group>"; };
		4E0453522C5AAD60003E0026 /* GEButton.swift */ = {isa = PBXFileReference; lastKnownFileType = sourcecode.swift; path = GEButton.swift; sourceTree = "<group>"; };
		4E0453582C5B95FC003E0026 /* FollowerListVC.swift */ = {isa = PBXFileReference; lastKnownFileType = sourcecode.swift; path = FollowerListVC.swift; sourceTree = "<group>"; };
		4E04535A2C5C3CF0003E0026 /* GETitleLabel.swift */ = {isa = PBXFileReference; lastKnownFileType = sourcecode.swift; path = GETitleLabel.swift; sourceTree = "<group>"; };
		4E04535C2C5C3E55003E0026 /* GEBodyLabel.swift */ = {isa = PBXFileReference; lastKnownFileType = sourcecode.swift; path = GEBodyLabel.swift; sourceTree = "<group>"; };
		4E04535E2C5C3F0A003E0026 /* GEAlertVC.swift */ = {isa = PBXFileReference; lastKnownFileType = sourcecode.swift; path = GEAlertVC.swift; sourceTree = "<group>"; };
		4E0453602C5C4609003E0026 /* UIViewController+Ext.swift */ = {isa = PBXFileReference; lastKnownFileType = sourcecode.swift; path = "UIViewController+Ext.swift"; sourceTree = "<group>"; };
		4E0453672C5C894C003E0026 /* Follower.swift */ = {isa = PBXFileReference; lastKnownFileType = sourcecode.swift; path = Follower.swift; sourceTree = "<group>"; };
		4E0453692C5C89E9003E0026 /* User.swift */ = {isa = PBXFileReference; lastKnownFileType = sourcecode.swift; path = User.swift; sourceTree = "<group>"; };
		4E04536C2C5D70B3003E0026 /* NetworkManager.swift */ = {isa = PBXFileReference; lastKnownFileType = sourcecode.swift; path = NetworkManager.swift; sourceTree = "<group>"; };
		4E0453722C5D8B73003E0026 /* FollowerCell.swift */ = {isa = PBXFileReference; lastKnownFileType = sourcecode.swift; path = FollowerCell.swift; sourceTree = "<group>"; };
		4E0453A02C5D9454003E0026 /* GEAvatarImageView.swift */ = {isa = PBXFileReference; lastKnownFileType = sourcecode.swift; path = GEAvatarImageView.swift; sourceTree = "<group>"; };
		4E0453A22C5DE70D003E0026 /* UIHelper.swift */ = {isa = PBXFileReference; lastKnownFileType = sourcecode.swift; path = UIHelper.swift; sourceTree = "<group>"; };
		4E0453AE2C5EFCE1003E0026 /* GEError.swift */ = {isa = PBXFileReference; lastKnownFileType = sourcecode.swift; path = GEError.swift; sourceTree = "<group>"; };
		4E0453B02C5EFF9B003E0026 /* UserProfile.swift */ = {isa = PBXFileReference; lastKnownFileType = sourcecode.swift; path = UserProfile.swift; sourceTree = "<group>"; };
		4E0453BC2C5FAA73003E0026 /* GitHubExplorerTests.xctest */ = {isa = PBXFileReference; explicitFileType = wrapper.cfbundle; includeInIndex = 0; path = GitHubExplorerTests.xctest; sourceTree = BUILT_PRODUCTS_DIR; };
		4E0453BE2C5FAA73003E0026 /* GitHubExplorerTests.swift */ = {isa = PBXFileReference; lastKnownFileType = sourcecode.swift; path = GitHubExplorerTests.swift; sourceTree = "<group>"; };
		4E0454052C5FB6AF003E0026 /* NotesDataModel.xcdatamodel */ = {isa = PBXFileReference; lastKnownFileType = wrapper.xcdatamodel; path = NotesDataModel.xcdatamodel; sourceTree = "<group>"; };
		4E0454072C5FB7EE003E0026 /* Note.swift */ = {isa = PBXFileReference; lastKnownFileType = sourcecode.swift; path = Note.swift; sourceTree = "<group>"; };
		4E0454092C5FB8EE003E0026 /* NotesProvider.swift */ = {isa = PBXFileReference; lastKnownFileType = sourcecode.swift; path = NotesProvider.swift; sourceTree = "<group>"; };
/* End PBXFileReference section */

/* Begin PBXFrameworksBuildPhase section */
		4E0453342C59DE20003E0026 /* Frameworks */ = {
			isa = PBXFrameworksBuildPhase;
			buildActionMask = 2147483647;
			files = (
			);
			runOnlyForDeploymentPostprocessing = 0;
		};
		4E0453B92C5FAA73003E0026 /* Frameworks */ = {
			isa = PBXFrameworksBuildPhase;
			buildActionMask = 2147483647;
			files = (
			);
			runOnlyForDeploymentPostprocessing = 0;
		};
/* End PBXFrameworksBuildPhase section */

/* Begin PBXGroup section */
		4E04532E2C59DE20003E0026 = {
			isa = PBXGroup;
			children = (
				4E0453392C59DE20003E0026 /* GitHubExplorer */,
				4E0453BD2C5FAA73003E0026 /* GitHubExplorerTests */,
				4E0453382C59DE20003E0026 /* Products */,
			);
			sourceTree = "<group>";
		};
		4E0453382C59DE20003E0026 /* Products */ = {
			isa = PBXGroup;
			children = (
				4E0453372C59DE20003E0026 /* GitHubExplorer.app */,
				4E0453BC2C5FAA73003E0026 /* GitHubExplorerTests.xctest */,
			);
			name = Products;
			sourceTree = "<group>";
		};
		4E0453392C59DE20003E0026 /* GitHubExplorer */ = {
			isa = PBXGroup;
			children = (
				4E0453662C5C891E003E0026 /* Model */,
				4E0453622C5C7EAB003E0026 /* Views */,
				4E04540C2C5FB900003E0026 /* ViewModels */,
				4E04536E2C5D7B7E003E0026 /* Utilities */,
				4E04536B2C5D70A0003E0026 /* Managers */,
				4E0453652C5C81E5003E0026 /* Support */,
				4E0453642C5C7F13003E0026 /* Extensions */,
				4E0453632C5C7EE0003E0026 /* Custom Views */,
				4E0453482C59DE21003E0026 /* Info.plist */,
			);
			path = GitHubExplorer;
			sourceTree = "<group>";
		};
		4E0453622C5C7EAB003E0026 /* Views */ = {
			isa = PBXGroup;
			children = (
				4E04534E2C5AA891003E0026 /* HomeVC.swift */,
				4E0453582C5B95FC003E0026 /* FollowerListVC.swift */,
				4E0453B02C5EFF9B003E0026 /* UserProfile.swift */,
			);
			path = Views;
			sourceTree = "<group>";
		};
		4E0453632C5C7EE0003E0026 /* Custom Views */ = {
			isa = PBXGroup;
			children = (
				4E0453A92C5E6091003E0026 /* Labels */,
				4E0453A82C5E6087003E0026 /* ViewControllers */,
				4E0453A72C5E607A003E0026 /* ImageViews */,
				4E0453A52C5E6061003E0026 /* Buttons */,
				4E0453712C5D8B45003E0026 /* Cells */,
			);
			path = "Custom Views";
			sourceTree = "<group>";
		};
		4E0453642C5C7F13003E0026 /* Extensions */ = {
			isa = PBXGroup;
			children = (
				4E0453602C5C4609003E0026 /* UIViewController+Ext.swift */,
			);
			path = Extensions;
			sourceTree = "<group>";
		};
		4E0453652C5C81E5003E0026 /* Support */ = {
			isa = PBXGroup;
			children = (
				4E0453452C59DE21003E0026 /* LaunchScreen.storyboard */,
				4E04533A2C59DE20003E0026 /* AppDelegate.swift */,
				4E04533C2C59DE20003E0026 /* SceneDelegate.swift */,
				4E0453432C59DE21003E0026 /* Assets.xcassets */,
			);
			path = Support;
			sourceTree = "<group>";
		};
		4E0453662C5C891E003E0026 /* Model */ = {
			isa = PBXGroup;
			children = (
				4E0453672C5C894C003E0026 /* Follower.swift */,
				4E0453692C5C89E9003E0026 /* User.swift */,
				4E0454042C5FB6AF003E0026 /* NotesDataModel.xcdatamodeld */,
				4E0454072C5FB7EE003E0026 /* Note.swift */,
			);
			path = Model;
			sourceTree = "<group>";
		};
		4E04536B2C5D70A0003E0026 /* Managers */ = {
			isa = PBXGroup;
			children = (
				4E04536C2C5D70B3003E0026 /* NetworkManager.swift */,
			);
			path = Managers;
			sourceTree = "<group>";
		};
		4E04536E2C5D7B7E003E0026 /* Utilities */ = {
			isa = PBXGroup;
			children = (
				4E0453A22C5DE70D003E0026 /* UIHelper.swift */,
				4E0453AE2C5EFCE1003E0026 /* GEError.swift */,
			);
			path = Utilities;
			sourceTree = "<group>";
		};
		4E0453712C5D8B45003E0026 /* Cells */ = {
			isa = PBXGroup;
			children = (
				4E0453722C5D8B73003E0026 /* FollowerCell.swift */,
			);
			path = Cells;
			sourceTree = "<group>";
		};
		4E0453A52C5E6061003E0026 /* Buttons */ = {
			isa = PBXGroup;
			children = (
				4E0453522C5AAD60003E0026 /* GEButton.swift */,
			);
			path = Buttons;
			sourceTree = "<group>";
		};
		4E0453A72C5E607A003E0026 /* ImageViews */ = {
			isa = PBXGroup;
			children = (
				4E0453A02C5D9454003E0026 /* GEAvatarImageView.swift */,
			);
			path = ImageViews;
			sourceTree = "<group>";
		};
		4E0453A82C5E6087003E0026 /* ViewControllers */ = {
			isa = PBXGroup;
			children = (
				4E04535E2C5C3F0A003E0026 /* GEAlertVC.swift */,
			);
			path = ViewControllers;
			sourceTree = "<group>";
		};
		4E0453A92C5E6091003E0026 /* Labels */ = {
			isa = PBXGroup;
			children = (
				4E04535A2C5C3CF0003E0026 /* GETitleLabel.swift */,
				4E04535C2C5C3E55003E0026 /* GEBodyLabel.swift */,
			);
			path = Labels;
			sourceTree = "<group>";
		};
		4E0453BD2C5FAA73003E0026 /* GitHubExplorerTests */ = {
			isa = PBXGroup;
			children = (
				4E0453BE2C5FAA73003E0026 /* GitHubExplorerTests.swift */,
			);
			path = GitHubExplorerTests;
			sourceTree = "<group>";
		};
		4E04540C2C5FB900003E0026 /* ViewModels */ = {
			isa = PBXGroup;
			children = (
				4E0454092C5FB8EE003E0026 /* NotesProvider.swift */,
			);
			path = ViewModels;
			sourceTree = "<group>";
		};
/* End PBXGroup section */

/* Begin PBXNativeTarget section */
		4E0453362C59DE20003E0026 /* GitHubExplorer */ = {
			isa = PBXNativeTarget;
			buildConfigurationList = 4E04534B2C59DE21003E0026 /* Build configuration list for PBXNativeTarget "GitHubExplorer" */;
			buildPhases = (
				4E0453332C59DE20003E0026 /* Sources */,
				4E0453342C59DE20003E0026 /* Frameworks */,
				4E0453352C59DE20003E0026 /* Resources */,
			);
			buildRules = (
			);
			dependencies = (
			);
			name = GitHubExplorer;
			productName = GitHubExplorer;
			productReference = 4E0453372C59DE20003E0026 /* GitHubExplorer.app */;
			productType = "com.apple.product-type.application";
		};
		4E0453BB2C5FAA73003E0026 /* GitHubExplorerTests */ = {
			isa = PBXNativeTarget;
			buildConfigurationList = 4E0453C22C5FAA73003E0026 /* Build configuration list for PBXNativeTarget "GitHubExplorerTests" */;
			buildPhases = (
				4E0453B82C5FAA73003E0026 /* Sources */,
				4E0453B92C5FAA73003E0026 /* Frameworks */,
				4E0453BA2C5FAA73003E0026 /* Resources */,
			);
			buildRules = (
			);
			dependencies = (
				4E0453C12C5FAA73003E0026 /* PBXTargetDependency */,
			);
			name = GitHubExplorerTests;
			productName = GitHubExplorerTests;
			productReference = 4E0453BC2C5FAA73003E0026 /* GitHubExplorerTests.xctest */;
			productType = "com.apple.product-type.bundle.unit-test";
		};
/* End PBXNativeTarget section */

/* Begin PBXProject section */
		4E04532F2C59DE20003E0026 /* Project object */ = {
			isa = PBXProject;
			attributes = {
				BuildIndependentTargetsInParallel = 1;
				LastSwiftUpdateCheck = 1540;
				LastUpgradeCheck = 1540;
				TargetAttributes = {
					4E0453362C59DE20003E0026 = {
						CreatedOnToolsVersion = 15.4;
					};
					4E0453BB2C5FAA73003E0026 = {
						CreatedOnToolsVersion = 15.4;
						TestTargetID = 4E0453362C59DE20003E0026;
					};
				};
			};
			buildConfigurationList = 4E0453322C59DE20003E0026 /* Build configuration list for PBXProject "GitHubExplorer" */;
			compatibilityVersion = "Xcode 14.0";
			developmentRegion = en;
			hasScannedForEncodings = 0;
			knownRegions = (
				en,
				Base,
			);
			mainGroup = 4E04532E2C59DE20003E0026;
			productRefGroup = 4E0453382C59DE20003E0026 /* Products */;
			projectDirPath = "";
			projectRoot = "";
			targets = (
				4E0453362C59DE20003E0026 /* GitHubExplorer */,
				4E0453BB2C5FAA73003E0026 /* GitHubExplorerTests */,
			);
		};
/* End PBXProject section */

/* Begin PBXResourcesBuildPhase section */
		4E0453352C59DE20003E0026 /* Resources */ = {
			isa = PBXResourcesBuildPhase;
			buildActionMask = 2147483647;
			files = (
				4E0453442C59DE21003E0026 /* Assets.xcassets in Resources */,
				4E0453472C59DE21003E0026 /* Base in Resources */,
			);
			runOnlyForDeploymentPostprocessing = 0;
		};
		4E0453BA2C5FAA73003E0026 /* Resources */ = {
			isa = PBXResourcesBuildPhase;
			buildActionMask = 2147483647;
			files = (
			);
			runOnlyForDeploymentPostprocessing = 0;
		};
/* End PBXResourcesBuildPhase section */

/* Begin PBXSourcesBuildPhase section */
		4E0453332C59DE20003E0026 /* Sources */ = {
			isa = PBXSourcesBuildPhase;
			buildActionMask = 2147483647;
			files = (
				4E0454062C5FB6AF003E0026 /* NotesDataModel.xcdatamodeld in Sources */,
				4E04536A2C5C89E9003E0026 /* User.swift in Sources */,
				4E0453B12C5EFF9B003E0026 /* UserProfile.swift in Sources */,
				4E0454082C5FB7EE003E0026 /* Note.swift in Sources */,
				4E0453532C5AAD60003E0026 /* GEButton.swift in Sources */,
				4E0453612C5C4609003E0026 /* UIViewController+Ext.swift in Sources */,
				4E04540A2C5FB8EE003E0026 /* NotesProvider.swift in Sources */,
				4E0453AF2C5EFCE1003E0026 /* GEError.swift in Sources */,
				4E0453A32C5DE70D003E0026 /* UIHelper.swift in Sources */,
				4E04535B2C5C3CF0003E0026 /* GETitleLabel.swift in Sources */,
				4E04535D2C5C3E55003E0026 /* GEBodyLabel.swift in Sources */,
				4E0453732C5D8B73003E0026 /* FollowerCell.swift in Sources */,
				4E04535F2C5C3F0A003E0026 /* GEAlertVC.swift in Sources */,
				4E0453A12C5D9454003E0026 /* GEAvatarImageView.swift in Sources */,
				4E0453682C5C894C003E0026 /* Follower.swift in Sources */,
				4E04534F2C5AA891003E0026 /* HomeVC.swift in Sources */,
				4E04536D2C5D70B3003E0026 /* NetworkManager.swift in Sources */,
				4E0453592C5B95FC003E0026 /* FollowerListVC.swift in Sources */,
				4E04533B2C59DE20003E0026 /* AppDelegate.swift in Sources */,
				4E04533D2C59DE20003E0026 /* SceneDelegate.swift in Sources */,
			);
			runOnlyForDeploymentPostprocessing = 0;
		};
		4E0453B82C5FAA73003E0026 /* Sources */ = {
			isa = PBXSourcesBuildPhase;
			buildActionMask = 2147483647;
			files = (
				4E0453BF2C5FAA73003E0026 /* GitHubExplorerTests.swift in Sources */,
			);
			runOnlyForDeploymentPostprocessing = 0;
		};
/* End PBXSourcesBuildPhase section */

/* Begin PBXTargetDependency section */
		4E0453C12C5FAA73003E0026 /* PBXTargetDependency */ = {
			isa = PBXTargetDependency;
			target = 4E0453362C59DE20003E0026 /* GitHubExplorer */;
			targetProxy = 4E0453C02C5FAA73003E0026 /* PBXContainerItemProxy */;
		};
/* End PBXTargetDependency section */

/* Begin PBXVariantGroup section */
		4E0453452C59DE21003E0026 /* LaunchScreen.storyboard */ = {
			isa = PBXVariantGroup;
			children = (
				4E0453462C59DE21003E0026 /* Base */,
			);
			name = LaunchScreen.storyboard;
			sourceTree = "<group>";
		};
/* End PBXVariantGroup section */

/* Begin XCBuildConfiguration section */
		4E0453492C59DE21003E0026 /* Debug */ = {
			isa = XCBuildConfiguration;
			buildSettings = {
				ALWAYS_SEARCH_USER_PATHS = NO;
				ASSETCATALOG_COMPILER_GENERATE_SWIFT_ASSET_SYMBOL_EXTENSIONS = YES;
				CLANG_ANALYZER_NONNULL = YES;
				CLANG_ANALYZER_NUMBER_OBJECT_CONVERSION = YES_AGGRESSIVE;
				CLANG_CXX_LANGUAGE_STANDARD = "gnu++20";
				CLANG_ENABLE_MODULES = YES;
				CLANG_ENABLE_OBJC_ARC = YES;
				CLANG_ENABLE_OBJC_WEAK = YES;
				CLANG_WARN_BLOCK_CAPTURE_AUTORELEASING = YES;
				CLANG_WARN_BOOL_CONVERSION = YES;
				CLANG_WARN_COMMA = YES;
				CLANG_WARN_CONSTANT_CONVERSION = YES;
				CLANG_WARN_DEPRECATED_OBJC_IMPLEMENTATIONS = YES;
				CLANG_WARN_DIRECT_OBJC_ISA_USAGE = YES_ERROR;
				CLANG_WARN_DOCUMENTATION_COMMENTS = YES;
				CLANG_WARN_EMPTY_BODY = YES;
				CLANG_WARN_ENUM_CONVERSION = YES;
				CLANG_WARN_INFINITE_RECURSION = YES;
				CLANG_WARN_INT_CONVERSION = YES;
				CLANG_WARN_NON_LITERAL_NULL_CONVERSION = YES;
				CLANG_WARN_OBJC_IMPLICIT_RETAIN_SELF = YES;
				CLANG_WARN_OBJC_LITERAL_CONVERSION = YES;
				CLANG_WARN_OBJC_ROOT_CLASS = YES_ERROR;
				CLANG_WARN_QUOTED_INCLUDE_IN_FRAMEWORK_HEADER = YES;
				CLANG_WARN_RANGE_LOOP_ANALYSIS = YES;
				CLANG_WARN_STRICT_PROTOTYPES = YES;
				CLANG_WARN_SUSPICIOUS_MOVE = YES;
				CLANG_WARN_UNGUARDED_AVAILABILITY = YES_AGGRESSIVE;
				CLANG_WARN_UNREACHABLE_CODE = YES;
				CLANG_WARN__DUPLICATE_METHOD_MATCH = YES;
				COPY_PHASE_STRIP = NO;
				DEBUG_INFORMATION_FORMAT = dwarf;
				ENABLE_STRICT_OBJC_MSGSEND = YES;
				ENABLE_TESTABILITY = YES;
				ENABLE_USER_SCRIPT_SANDBOXING = YES;
				GCC_C_LANGUAGE_STANDARD = gnu17;
				GCC_DYNAMIC_NO_PIC = NO;
				GCC_NO_COMMON_BLOCKS = YES;
				GCC_OPTIMIZATION_LEVEL = 0;
				GCC_PREPROCESSOR_DEFINITIONS = (
					"DEBUG=1",
					"$(inherited)",
				);
				GCC_WARN_64_TO_32_BIT_CONVERSION = YES;
				GCC_WARN_ABOUT_RETURN_TYPE = YES_ERROR;
				GCC_WARN_UNDECLARED_SELECTOR = YES;
				GCC_WARN_UNINITIALIZED_AUTOS = YES_AGGRESSIVE;
				GCC_WARN_UNUSED_FUNCTION = YES;
				GCC_WARN_UNUSED_VARIABLE = YES;
				IPHONEOS_DEPLOYMENT_TARGET = 17.5;
				LOCALIZATION_PREFERS_STRING_CATALOGS = YES;
				MTL_ENABLE_DEBUG_INFO = INCLUDE_SOURCE;
				MTL_FAST_MATH = YES;
				ONLY_ACTIVE_ARCH = YES;
				SDKROOT = iphoneos;
				SWIFT_ACTIVE_COMPILATION_CONDITIONS = "DEBUG $(inherited)";
				SWIFT_OPTIMIZATION_LEVEL = "-Onone";
			};
			name = Debug;
		};
		4E04534A2C59DE21003E0026 /* Release */ = {
			isa = XCBuildConfiguration;
			buildSettings = {
				ALWAYS_SEARCH_USER_PATHS = NO;
				ASSETCATALOG_COMPILER_GENERATE_SWIFT_ASSET_SYMBOL_EXTENSIONS = YES;
				CLANG_ANALYZER_NONNULL = YES;
				CLANG_ANALYZER_NUMBER_OBJECT_CONVERSION = YES_AGGRESSIVE;
				CLANG_CXX_LANGUAGE_STANDARD = "gnu++20";
				CLANG_ENABLE_MODULES = YES;
				CLANG_ENABLE_OBJC_ARC = YES;
				CLANG_ENABLE_OBJC_WEAK = YES;
				CLANG_WARN_BLOCK_CAPTURE_AUTORELEASING = YES;
				CLANG_WARN_BOOL_CONVERSION = YES;
				CLANG_WARN_COMMA = YES;
				CLANG_WARN_CONSTANT_CONVERSION = YES;
				CLANG_WARN_DEPRECATED_OBJC_IMPLEMENTATIONS = YES;
				CLANG_WARN_DIRECT_OBJC_ISA_USAGE = YES_ERROR;
				CLANG_WARN_DOCUMENTATION_COMMENTS = YES;
				CLANG_WARN_EMPTY_BODY = YES;
				CLANG_WARN_ENUM_CONVERSION = YES;
				CLANG_WARN_INFINITE_RECURSION = YES;
				CLANG_WARN_INT_CONVERSION = YES;
				CLANG_WARN_NON_LITERAL_NULL_CONVERSION = YES;
				CLANG_WARN_OBJC_IMPLICIT_RETAIN_SELF = YES;
				CLANG_WARN_OBJC_LITERAL_CONVERSION = YES;
				CLANG_WARN_OBJC_ROOT_CLASS = YES_ERROR;
				CLANG_WARN_QUOTED_INCLUDE_IN_FRAMEWORK_HEADER = YES;
				CLANG_WARN_RANGE_LOOP_ANALYSIS = YES;
				CLANG_WARN_STRICT_PROTOTYPES = YES;
				CLANG_WARN_SUSPICIOUS_MOVE = YES;
				CLANG_WARN_UNGUARDED_AVAILABILITY = YES_AGGRESSIVE;
				CLANG_WARN_UNREACHABLE_CODE = YES;
				CLANG_WARN__DUPLICATE_METHOD_MATCH = YES;
				COPY_PHASE_STRIP = NO;
				DEBUG_INFORMATION_FORMAT = "dwarf-with-dsym";
				ENABLE_NS_ASSERTIONS = NO;
				ENABLE_STRICT_OBJC_MSGSEND = YES;
				ENABLE_USER_SCRIPT_SANDBOXING = YES;
				GCC_C_LANGUAGE_STANDARD = gnu17;
				GCC_NO_COMMON_BLOCKS = YES;
				GCC_WARN_64_TO_32_BIT_CONVERSION = YES;
				GCC_WARN_ABOUT_RETURN_TYPE = YES_ERROR;
				GCC_WARN_UNDECLARED_SELECTOR = YES;
				GCC_WARN_UNINITIALIZED_AUTOS = YES_AGGRESSIVE;
				GCC_WARN_UNUSED_FUNCTION = YES;
				GCC_WARN_UNUSED_VARIABLE = YES;
				IPHONEOS_DEPLOYMENT_TARGET = 17.5;
				LOCALIZATION_PREFERS_STRING_CATALOGS = YES;
				MTL_ENABLE_DEBUG_INFO = NO;
				MTL_FAST_MATH = YES;
				SDKROOT = iphoneos;
				SWIFT_COMPILATION_MODE = wholemodule;
				VALIDATE_PRODUCT = YES;
			};
			name = Release;
		};
		4E04534C2C59DE21003E0026 /* Debug */ = {
			isa = XCBuildConfiguration;
			buildSettings = {
				ASSETCATALOG_COMPILER_APPICON_NAME = AppIcon;
				ASSETCATALOG_COMPILER_GLOBAL_ACCENT_COLOR_NAME = AccentColor;
				CODE_SIGN_STYLE = Automatic;
				CURRENT_PROJECT_VERSION = 1;
				DEVELOPMENT_TEAM = P5SSQXSSU5;
				GENERATE_INFOPLIST_FILE = YES;
				INFOPLIST_FILE = GitHubExplorer/Info.plist;
				INFOPLIST_KEY_UIApplicationSupportsIndirectInputEvents = YES;
				INFOPLIST_KEY_UILaunchStoryboardName = LaunchScreen;
				INFOPLIST_KEY_UISupportedInterfaceOrientations_iPad = "UIInterfaceOrientationPortrait UIInterfaceOrientationPortraitUpsideDown UIInterfaceOrientationLandscapeLeft UIInterfaceOrientationLandscapeRight";
				INFOPLIST_KEY_UISupportedInterfaceOrientations_iPhone = "UIInterfaceOrientationPortrait UIInterfaceOrientationLandscapeLeft UIInterfaceOrientationLandscapeRight";
				LD_RUNPATH_SEARCH_PATHS = (
					"$(inherited)",
					"@executable_path/Frameworks",
				);
				MARKETING_VERSION = 1.0;
				PRODUCT_BUNDLE_IDENTIFIER = com.asdsyd.GitHubExplorer;
				PRODUCT_NAME = "$(TARGET_NAME)";
				SWIFT_EMIT_LOC_STRINGS = YES;
				SWIFT_VERSION = 5.0;
				TARGETED_DEVICE_FAMILY = "1,2";
			};
			name = Debug;
		};
		4E04534D2C59DE21003E0026 /* Release */ = {
			isa = XCBuildConfiguration;
			buildSettings = {
				ASSETCATALOG_COMPILER_APPICON_NAME = AppIcon;
				ASSETCATALOG_COMPILER_GLOBAL_ACCENT_COLOR_NAME = AccentColor;
				CODE_SIGN_STYLE = Automatic;
				CURRENT_PROJECT_VERSION = 1;
				DEVELOPMENT_TEAM = P5SSQXSSU5;
				GENERATE_INFOPLIST_FILE = YES;
				INFOPLIST_FILE = GitHubExplorer/Info.plist;
				INFOPLIST_KEY_UIApplicationSupportsIndirectInputEvents = YES;
				INFOPLIST_KEY_UILaunchStoryboardName = LaunchScreen;
				INFOPLIST_KEY_UISupportedInterfaceOrientations_iPad = "UIInterfaceOrientationPortrait UIInterfaceOrientationPortraitUpsideDown UIInterfaceOrientationLandscapeLeft UIInterfaceOrientationLandscapeRight";
				INFOPLIST_KEY_UISupportedInterfaceOrientations_iPhone = "UIInterfaceOrientationPortrait UIInterfaceOrientationLandscapeLeft UIInterfaceOrientationLandscapeRight";
				LD_RUNPATH_SEARCH_PATHS = (
					"$(inherited)",
					"@executable_path/Frameworks",
				);
				MARKETING_VERSION = 1.0;
				PRODUCT_BUNDLE_IDENTIFIER = com.asdsyd.GitHubExplorer;
				PRODUCT_NAME = "$(TARGET_NAME)";
				SWIFT_EMIT_LOC_STRINGS = YES;
				SWIFT_VERSION = 5.0;
				TARGETED_DEVICE_FAMILY = "1,2";
			};
			name = Release;
		};
		4E0453C32C5FAA73003E0026 /* Debug */ = {
			isa = XCBuildConfiguration;
			buildSettings = {
				BUNDLE_LOADER = "$(TEST_HOST)";
				CODE_SIGN_STYLE = Automatic;
				CURRENT_PROJECT_VERSION = 1;
				DEVELOPMENT_TEAM = P5SSQXSSU5;
				GENERATE_INFOPLIST_FILE = YES;
				MARKETING_VERSION = 1.0;
				PRODUCT_BUNDLE_IDENTIFIER = com.asdsyd.GitHubExplorerTests;
				PRODUCT_NAME = "$(TARGET_NAME)";
				SWIFT_EMIT_LOC_STRINGS = NO;
				SWIFT_VERSION = 5.0;
				TARGETED_DEVICE_FAMILY = "1,2";
				TEST_HOST = "$(BUILT_PRODUCTS_DIR)/GitHubExplorer.app/$(BUNDLE_EXECUTABLE_FOLDER_PATH)/GitHubExplorer";
			};
			name = Debug;
		};
		4E0453C42C5FAA73003E0026 /* Release */ = {
			isa = XCBuildConfiguration;
			buildSettings = {
				BUNDLE_LOADER = "$(TEST_HOST)";
				CODE_SIGN_STYLE = Automatic;
				CURRENT_PROJECT_VERSION = 1;
				DEVELOPMENT_TEAM = P5SSQXSSU5;
				GENERATE_INFOPLIST_FILE = YES;
				MARKETING_VERSION = 1.0;
				PRODUCT_BUNDLE_IDENTIFIER = com.asdsyd.GitHubExplorerTests;
				PRODUCT_NAME = "$(TARGET_NAME)";
				SWIFT_EMIT_LOC_STRINGS = NO;
				SWIFT_VERSION = 5.0;
				TARGETED_DEVICE_FAMILY = "1,2";
				TEST_HOST = "$(BUILT_PRODUCTS_DIR)/GitHubExplorer.app/$(BUNDLE_EXECUTABLE_FOLDER_PATH)/GitHubExplorer";
			};
			name = Release;
		};
/* End XCBuildConfiguration section */

/* Begin XCConfigurationList section */
		4E0453322C59DE20003E0026 /* Build configuration list for PBXProject "GitHubExplorer" */ = {
			isa = XCConfigurationList;
			buildConfigurations = (
				4E0453492C59DE21003E0026 /* Debug */,
				4E04534A2C59DE21003E0026 /* Release */,
			);
			defaultConfigurationIsVisible = 0;
			defaultConfigurationName = Release;
		};
		4E04534B2C59DE21003E0026 /* Build configuration list for PBXNativeTarget "GitHubExplorer" */ = {
			isa = XCConfigurationList;
			buildConfigurations = (
				4E04534C2C59DE21003E0026 /* Debug */,
				4E04534D2C59DE21003E0026 /* Release */,
			);
			defaultConfigurationIsVisible = 0;
			defaultConfigurationName = Release;
		};
		4E0453C22C5FAA73003E0026 /* Build configuration list for PBXNativeTarget "GitHubExplorerTests" */ = {
			isa = XCConfigurationList;
			buildConfigurations = (
				4E0453C32C5FAA73003E0026 /* Debug */,
				4E0453C42C5FAA73003E0026 /* Release */,
			);
			defaultConfigurationIsVisible = 0;
			defaultConfigurationName = Release;
		};
/* End XCConfigurationList section */

/* Begin XCVersionGroup section */
		4E0454042C5FB6AF003E0026 /* NotesDataModel.xcdatamodeld */ = {
			isa = XCVersionGroup;
			children = (
				4E0454052C5FB6AF003E0026 /* NotesDataModel.xcdatamodel */,
			);
			currentVersion = 4E0454052C5FB6AF003E0026 /* NotesDataModel.xcdatamodel */;
			name = NotesDataModel.xcdatamodeld;
			path = "/Users/asd/Documents/[01]-Projects/Tawk assignment/GitHubExplorer/GitHubExplorer/GitHubExplorer/Model/NotesDataModel.xcdatamodeld";
			sourceTree = "<group>";
			versionGroupType = wrapper.xcdatamodel;
		};
/* End XCVersionGroup section */
	};
	rootObject = 4E04532F2C59DE20003E0026 /* Project object */;
}
